Microsoft Visual Studio Solution File, Format Version 12.00
# Visual Studio Version 17
VisualStudioVersion = 17.1.31911.260
MinimumVisualStudioVersion = 10.0.40219.1
Project("{2150E333-8FDC-42A3-9474-1A3956D46DE8}") = "Services", "Services", "{939EC5C2-8345-43E2-8F97-72EEEBEEA0AB}"
EndProject
Project("{2150E333-8FDC-42A3-9474-1A3956D46DE8}") = "DynamoDBv2", "DynamoDBv2", "{7BFAB877-B6A7-1001-16C8-E51FBF1AAD5A}"
EndProject
Project("{9A19103F-16F7-4668-BE54-9A1E7A4F7556}") = "AWSSDK.DynamoDBv2.Net35", "AWSSDK.DynamoDBv2.Net35.csproj", "{39421686-1D21-4240-A30F-9C45F69E68D8}"
EndProject
Project("{9A19103F-16F7-4668-BE54-9A1E7A4F7556}") = "AWSSDK.DynamoDBv2.Net45", "AWSSDK.DynamoDBv2.Net45.csproj", "{85D7ED6C-7468-416D-825B-B18667C54C09}"
EndProject
Project("{9A19103F-16F7-4668-BE54-9A1E7A4F7556}") = "AWSSDK.DynamoDBv2.NetStandard", "AWSSDK.DynamoDBv2.NetStandard.csproj", "{0A19C07F-0286-4DA0-A9AC-BF0EA48EC561}"
EndProject
Global
	GlobalSection(SolutionConfigurationPlatforms) = preSolution
		Debug|Any CPU = Debug|Any CPU
		Release|Any CPU = Release|Any CPU
	EndGlobalSection
	GlobalSection(ProjectConfigurationPlatforms) = postSolution
		{39421686-1D21-4240-A30F-9C45F69E68D8}.Debug|Any CPU.ActiveCfg = Debug|Any CPU
		{39421686-1D21-4240-A30F-9C45F69E68D8}.Debug|Any CPU.Build.0 = Debug|Any CPU
		{39421686-1D21-4240-A30F-9C45F69E68D8}.Release|Any CPU.ActiveCfg = Release|Any CPU
		{39421686-1D21-4240-A30F-9C45F69E68D8}.Release|Any CPU.Build.0 = Release|Any CPU
		{85D7ED6C-7468-416D-825B-B18667C54C09}.Debug|Any CPU.ActiveCfg = Debug|Any CPU
		{85D7ED6C-7468-416D-825B-B18667C54C09}.Debug|Any CPU.Build.0 = Debug|Any CPU
		{85D7ED6C-7468-416D-825B-B18667C54C09}.Release|Any CPU.ActiveCfg = Release|Any CPU
		{85D7ED6C-7468-416D-825B-B18667C54C09}.Release|Any CPU.Build.0 = Release|Any CPU
		{0A19C07F-0286-4DA0-A9AC-BF0EA48EC561}.Debug|Any CPU.ActiveCfg = Debug|Any CPU
		{0A19C07F-0286-4DA0-A9AC-BF0EA48EC561}.Debug|Any CPU.Build.0 = Debug|Any CPU
		{0A19C07F-0286-4DA0-A9AC-BF0EA48EC561}.Release|Any CPU.ActiveCfg = Release|Any CPU
		{0A19C07F-0286-4DA0-A9AC-BF0EA48EC561}.Release|Any CPU.Build.0 = Release|Any CPU
	EndGlobalSection
	GlobalSection(SolutionProperties) = preSolution
		HideSolutionNode = FALSE
	EndGlobalSection
	GlobalSection(NestedProjects) = preSolution
		{7BFAB877-B6A7-1001-16C8-E51FBF1AAD5A} = {939EC5C2-8345-43E2-8F97-72EEEBEEA0AB}
		{39421686-1D21-4240-A30F-9C45F69E68D8} = {7BFAB877-B6A7-1001-16C8-E51FBF1AAD5A}
		{85D7ED6C-7468-416D-825B-B18667C54C09} = {7BFAB877-B6A7-1001-16C8-E51FBF1AAD5A}
		{0A19C07F-0286-4DA0-A9AC-BF0EA48EC561} = {7BFAB877-B6A7-1001-16C8-E51FBF1AAD5A}
	EndGlobalSection
	GlobalSection(ExtensibilityGlobals) = postSolution
		SolutionGuid = {7C82480B-D645-4E3A-B4AD-650183206F4D}
	EndGlobalSection
EndGlobal
